// !$*UTF8*$!
{
	archiveVersion = 1;
	classes = {
	};
	objectVersion = 46;
	objects = {

/* Begin PBXBuildFile section */
		FAAF4F5C1984D4240001BFE1 /* AppDelegate.swift in Sources */ = {isa = PBXBuildFile; fileRef = FAAF4F5B1984D4240001BFE1 /* AppDelegate.swift */; };
		FAAF4F5E1984D4240001BFE1 /* PeopleViewController.swift in Sources */ = {isa = PBXBuildFile; fileRef = FAAF4F5D1984D4240001BFE1 /* PeopleViewController.swift */; };
		FAAF4F611984D4240001BFE1 /* Main.storyboard in Resources */ = {isa = PBXBuildFile; fileRef = FAAF4F5F1984D4240001BFE1 /* Main.storyboard */; };
		FAAF4F631984D4240001BFE1 /* Images.xcassets in Resources */ = {isa = PBXBuildFile; fileRef = FAAF4F621984D4240001BFE1 /* Images.xcassets */; };
		FAAF4F6F1984D4240001BFE1 /* Class_Roster_3Tests.swift in Sources */ = {isa = PBXBuildFile; fileRef = FAAF4F6E1984D4240001BFE1 /* Class_Roster_3Tests.swift */; };
		FAAF4F7E1984D4EE0001BFE1 /* Person.swift in Sources */ = {isa = PBXBuildFile; fileRef = FAAF4F7C1984D4EE0001BFE1 /* Person.swift */; };
		FAAF4F7F1984D4EE0001BFE1 /* people.plist in Resources */ = {isa = PBXBuildFile; fileRef = FAAF4F7D1984D4EE0001BFE1 /* people.plist */; };
		FAAF4F821984D5030001BFE1 /* alex_rice.png in Resources */ = {isa = PBXBuildFile; fileRef = FAAF4F801984D5030001BFE1 /* alex_rice.png */; };
		FAAF4F831984D5030001BFE1 /* person-icon.png in Resources */ = {isa = PBXBuildFile; fileRef = FAAF4F811984D5030001BFE1 /* person-icon.png */; };
		FAAF4F851984DB2B0001BFE1 /* PersonViewController.swift in Sources */ = {isa = PBXBuildFile; fileRef = FAAF4F841984DB2B0001BFE1 /* PersonViewController.swift */; };
/* End PBXBuildFile section */

/* Begin PBXContainerItemProxy section */
		FAAF4F691984D4240001BFE1 /* PBXContainerItemProxy */ = {
			isa = PBXContainerItemProxy;
			containerPortal = FAAF4F4E1984D4240001BFE1 /* Project object */;
			proxyType = 1;
			remoteGlobalIDString = FAAF4F551984D4240001BFE1;
			remoteInfo = "Class Roster 3";
		};
/* End PBXContainerItemProxy section */

/* Begin PBXFileReference section */
		FAAF4F561984D4240001BFE1 /* Class Roster 3.app */ = {isa = PBXFileReference; explicitFileType = wrapper.application; includeInIndex = 0; path = "Class Roster 3.app"; sourceTree = BUILT_PRODUCTS_DIR; };
		FAAF4F5A1984D4240001BFE1 /* Info.plist */ = {isa = PBXFileReference; lastKnownFileType = text.plist.xml; path = Info.plist; sourceTree = "<group>"; };
		FAAF4F5B1984D4240001BFE1 /* AppDelegate.swift */ = {isa = PBXFileReference; lastKnownFileType = sourcecode.swift; path = AppDelegate.swift; sourceTree = "<group>"; };
		FAAF4F5D1984D4240001BFE1 /* PeopleViewController.swift */ = {isa = PBXFileReference; lastKnownFileType = sourcecode.swift; path = PeopleViewController.swift; sourceTree = "<group>"; };
		FAAF4F601984D4240001BFE1 /* Base */ = {isa = PBXFileReference; lastKnownFileType = file.storyboard; name = Base; path = Base.lproj/Main.storyboard; sourceTree = "<group>"; };
		FAAF4F621984D4240001BFE1 /* Images.xcassets */ = {isa = PBXFileReference; lastKnownFileType = folder.assetcatalog; path = Images.xcassets; sourceTree = "<group>"; };
		FAAF4F681984D4240001BFE1 /* Class Roster 3Tests.xctest */ = {isa = PBXFileReference; explicitFileType = wrapper.cfbundle; includeInIndex = 0; path = "Class Roster 3Tests.xctest"; sourceTree = BUILT_PRODUCTS_DIR; };
		FAAF4F6D1984D4240001BFE1 /* Info.plist */ = {isa = PBXFileReference; lastKnownFileType = text.plist.xml; path = Info.plist; sourceTree = "<group>"; };
		FAAF4F6E1984D4240001BFE1 /* Class_Roster_3Tests.swift */ = {isa = PBXFileReference; lastKnownFileType = sourcecode.swift; path = Class_Roster_3Tests.swift; sourceTree = "<group>"; };
		FAAF4F7C1984D4EE0001BFE1 /* Person.swift */ = {isa = PBXFileReference; fileEncoding = 4; lastKnownFileType = sourcecode.swift; path = Person.swift; sourceTree = "<group>"; };
		FAAF4F7D1984D4EE0001BFE1 /* people.plist */ = {isa = PBXFileReference; fileEncoding = 4; lastKnownFileType = text.plist.xml; path = people.plist; sourceTree = "<group>"; };
		FAAF4F801984D5030001BFE1 /* alex_rice.png */ = {isa = PBXFileReference; lastKnownFileType = image.png; path = alex_rice.png; sourceTree = "<group>"; };
		FAAF4F811984D5030001BFE1 /* person-icon.png */ = {isa = PBXFileReference; lastKnownFileType = image.png; path = "person-icon.png"; sourceTree = "<group>"; };
		FAAF4F841984DB2B0001BFE1 /* PersonViewController.swift */ = {isa = PBXFileReference; fileEncoding = 4; lastKnownFileType = sourcecode.swift; path = PersonViewController.swift; sourceTree = "<group>"; };
/* End PBXFileReference section */

/* Begin PBXFrameworksBuildPhase section */
		FAAF4F531984D4240001BFE1 /* Frameworks */ = {
			isa = PBXFrameworksBuildPhase;
			buildActionMask = 2147483647;
			files = (
			);
			runOnlyForDeploymentPostprocessing = 0;
		};
		FAAF4F651984D4240001BFE1 /* Frameworks */ = {
			isa = PBXFrameworksBuildPhase;
			buildActionMask = 2147483647;
			files = (
			);
			runOnlyForDeploymentPostprocessing = 0;
		};
/* End PBXFrameworksBuildPhase section */

/* Begin PBXGroup section */
		FAAF4F4D1984D4240001BFE1 = {
			isa = PBXGroup;
			children = (
				FAAF4F581984D4240001BFE1 /* Class Roster 3 */,
				FAAF4F6B1984D4240001BFE1 /* Class Roster 3Tests */,
				FAAF4F571984D4240001BFE1 /* Products */,
			);
			sourceTree = "<group>";
		};
		FAAF4F571984D4240001BFE1 /* Products */ = {
			isa = PBXGroup;
			children = (
				FAAF4F561984D4240001BFE1 /* Class Roster 3.app */,
				FAAF4F681984D4240001BFE1 /* Class Roster 3Tests.xctest */,
			);
			name = Products;
			sourceTree = "<group>";
		};
		FAAF4F581984D4240001BFE1 /* Class Roster 3 */ = {
			isa = PBXGroup;
			children = (
				FAAF4F7B1984D46B0001BFE1 /* Model */,
				FAAF4F791984D4590001BFE1 /* View */,
				FAAF4F5D1984D4240001BFE1 /* PeopleViewController.swift */,
				FAAF4F841984DB2B0001BFE1 /* PersonViewController.swift */,
				FAAF4F781984D44E0001BFE1 /* Controller */,
				FAAF4F5B1984D4240001BFE1 /* AppDelegate.swift */,
				FAAF4F5F1984D4240001BFE1 /* Main.storyboard */,
				FAAF4F621984D4240001BFE1 /* Images.xcassets */,
				FAAF4F591984D4240001BFE1 /* Supporting Files */,
			);
			path = "Class Roster 3";
			sourceTree = "<group>";
		};
		FAAF4F591984D4240001BFE1 /* Supporting Files */ = {
			isa = PBXGroup;
			children = (
				FAAF4F5A1984D4240001BFE1 /* Info.plist */,
			);
			name = "Supporting Files";
			sourceTree = "<group>";
		};
		FAAF4F6B1984D4240001BFE1 /* Class Roster 3Tests */ = {
			isa = PBXGroup;
			children = (
				FAAF4F6E1984D4240001BFE1 /* Class_Roster_3Tests.swift */,
				FAAF4F6C1984D4240001BFE1 /* Supporting Files */,
			);
			path = "Class Roster 3Tests";
			sourceTree = "<group>";
		};
		FAAF4F6C1984D4240001BFE1 /* Supporting Files */ = {
			isa = PBXGroup;
			children = (
				FAAF4F6D1984D4240001BFE1 /* Info.plist */,
			);
			name = "Supporting Files";
			sourceTree = "<group>";
		};
		FAAF4F781984D44E0001BFE1 /* Controller */ = {
			isa = PBXGroup;
			children = (
			);
			name = Controller;
			sourceTree = "<group>";
		};
		FAAF4F791984D4590001BFE1 /* View */ = {
			isa = PBXGroup;
			children = (
			);
			name = View;
			sourceTree = "<group>";
		};
		FAAF4F7B1984D46B0001BFE1 /* Model */ = {
			isa = PBXGroup;
			children = (
				FAAF4F801984D5030001BFE1 /* alex_rice.png */,
				FAAF4F811984D5030001BFE1 /* person-icon.png */,
				FAAF4F7C1984D4EE0001BFE1 /* Person.swift */,
				FAAF4F7D1984D4EE0001BFE1 /* people.plist */,
			);
			name = Model;
			sourceTree = "<group>";
		};
/* End PBXGroup section */

/* Begin PBXNativeTarget section */
		FAAF4F551984D4240001BFE1 /* Class Roster 3 */ = {
			isa = PBXNativeTarget;
			buildConfigurationList = FAAF4F721984D4240001BFE1 /* Build configuration list for PBXNativeTarget "Class Roster 3" */;
			buildPhases = (
				FAAF4F521984D4240001BFE1 /* Sources */,
				FAAF4F531984D4240001BFE1 /* Frameworks */,
				FAAF4F541984D4240001BFE1 /* Resources */,
			);
			buildRules = (
			);
			dependencies = (
			);
			name = "Class Roster 3";
			productName = "Class Roster 3";
			productReference = FAAF4F561984D4240001BFE1 /* Class Roster 3.app */;
			productType = "com.apple.product-type.application";
		};
		FAAF4F671984D4240001BFE1 /* Class Roster 3Tests */ = {
			isa = PBXNativeTarget;
			buildConfigurationList = FAAF4F751984D4240001BFE1 /* Build configuration list for PBXNativeTarget "Class Roster 3Tests" */;
			buildPhases = (
				FAAF4F641984D4240001BFE1 /* Sources */,
				FAAF4F651984D4240001BFE1 /* Frameworks */,
				FAAF4F661984D4240001BFE1 /* Resources */,
			);
			buildRules = (
			);
			dependencies = (
				FAAF4F6A1984D4240001BFE1 /* PBXTargetDependency */,
			);
			name = "Class Roster 3Tests";
			productName = "Class Roster 3Tests";
			productReference = FAAF4F681984D4240001BFE1 /* Class Roster 3Tests.xctest */;
			productType = "com.apple.product-type.bundle.unit-test";
		};
/* End PBXNativeTarget section */

/* Begin PBXProject section */
		FAAF4F4E1984D4240001BFE1 /* Project object */ = {
			isa = PBXProject;
			attributes = {
				LastUpgradeCheck = 0600;
				ORGANIZATIONNAME = "Alex Rice";
				TargetAttributes = {
					FAAF4F551984D4240001BFE1 = {
						CreatedOnToolsVersion = 6.0;
					};
					FAAF4F671984D4240001BFE1 = {
						CreatedOnToolsVersion = 6.0;
						TestTargetID = FAAF4F551984D4240001BFE1;
					};
				};
			};
			buildConfigurationList = FAAF4F511984D4240001BFE1 /* Build configuration list for PBXProject "Class Roster 3" */;
			compatibilityVersion = "Xcode 3.2";
			developmentRegion = English;
			hasScannedForEncodings = 0;
			knownRegions = (
				en,
				Base,
			);
			mainGroup = FAAF4F4D1984D4240001BFE1;
			productRefGroup = FAAF4F571984D4240001BFE1 /* Products */;
			projectDirPath = "";
			projectRoot = "";
			targets = (
				FAAF4F551984D4240001BFE1 /* Class Roster 3 */,
				FAAF4F671984D4240001BFE1 /* Class Roster 3Tests */,
			);
		};
/* End PBXProject section */

/* Begin PBXResourcesBuildPhase section */
		FAAF4F541984D4240001BFE1 /* Resources */ = {
			isa = PBXResourcesBuildPhase;
			buildActionMask = 2147483647;
			files = (
				FAAF4F821984D5030001BFE1 /* alex_rice.png in Resources */,
				FAAF4F611984D4240001BFE1 /* Main.storyboard in Resources */,
				FAAF4F7F1984D4EE0001BFE1 /* people.plist in Resources */,
				FAAF4F831984D5030001BFE1 /* person-icon.png in Resources */,
				FAAF4F631984D4240001BFE1 /* Images.xcassets in Resources */,
			);
			runOnlyForDeploymentPostprocessing = 0;
		};
		FAAF4F661984D4240001BFE1 /* Resources */ = {
			isa = PBXResourcesBuildPhase;
			buildActionMask = 2147483647;
			files = (
			);
			runOnlyForDeploymentPostprocessing = 0;
		};
/* End PBXResourcesBuildPhase section */

/* Begin PBXSourcesBuildPhase section */
		FAAF4F521984D4240001BFE1 /* Sources */ = {
			isa = PBXSourcesBuildPhase;
			buildActionMask = 2147483647;
			files = (
				FAAF4F7E1984D4EE0001BFE1 /* Person.swift in Sources */,
				FAAF4F5E1984D4240001BFE1 /* PeopleViewController.swift in Sources */,
				FAAF4F851984DB2B0001BFE1 /* PersonViewController.swift in Sources */,
				FAAF4F5C1984D4240001BFE1 /* AppDelegate.swift in Sources */,
			);
			runOnlyForDeploymentPostprocessing = 0;
		};
		FAAF4F641984D4240001BFE1 /* Sources */ = {
			isa = PBXSourcesBuildPhase;
			buildActionMask = 2147483647;
			files = (
				FAAF4F6F1984D4240001BFE1 /* Class_Roster_3Tests.swift in Sources */,
			);
			runOnlyForDeploymentPostprocessing = 0;
		};
/* End PBXSourcesBuildPhase section */

/* Begin PBXTargetDependency section */
		FAAF4F6A1984D4240001BFE1 /* PBXTargetDependency */ = {
			isa = PBXTargetDependency;
			target = FAAF4F551984D4240001BFE1 /* Class Roster 3 */;
			targetProxy = FAAF4F691984D4240001BFE1 /* PBXContainerItemProxy */;
		};
/* End PBXTargetDependency section */

/* Begin PBXVariantGroup section */
		FAAF4F5F1984D4240001BFE1 /* Main.storyboard */ = {
			isa = PBXVariantGroup;
			children = (
				FAAF4F601984D4240001BFE1 /* Base */,
			);
			name = Main.storyboard;
			sourceTree = "<group>";
		};
/* End PBXVariantGroup section */

/* Begin XCBuildConfiguration section */
		FAAF4F701984D4240001BFE1 /* Debug */ = {
			isa = XCBuildConfiguration;
			buildSettings = {
				ALWAYS_SEARCH_USER_PATHS = NO;
				CLANG_CXX_LANGUAGE_STANDARD = "gnu++0x";
				CLANG_CXX_LIBRARY = "libc++";
				CLANG_ENABLE_MODULES = YES;
				CLANG_ENABLE_OBJC_ARC = YES;
				CLANG_WARN_BOOL_CONVERSION = YES;
				CLANG_WARN_CONSTANT_CONVERSION = YES;
				CLANG_WARN_DIRECT_OBJC_ISA_USAGE = YES_ERROR;
				CLANG_WARN_EMPTY_BODY = YES;
				CLANG_WARN_ENUM_CONVERSION = YES;
				CLANG_WARN_INT_CONVERSION = YES;
				CLANG_WARN_OBJC_ROOT_CLASS = YES_ERROR;
				CLANG_WARN_UNREACHABLE_CODE = YES;
				CLANG_WARN__DUPLICATE_METHOD_MATCH = YES;
				"CODE_SIGN_IDENTITY[sdk=iphoneos*]" = "iPhone Developer";
				COPY_PHASE_STRIP = NO;
				ENABLE_STRICT_OBJC_MSGSEND = YES;
				GCC_C_LANGUAGE_STANDARD = gnu99;
				GCC_DYNAMIC_NO_PIC = NO;
				GCC_OPTIMIZATION_LEVEL = 0;
				GCC_PREPROCESSOR_DEFINITIONS = (
					"DEBUG=1",
					"$(inherited)",
				);
				GCC_SYMBOLS_PRIVATE_EXTERN = NO;
				GCC_WARN_64_TO_32_BIT_CONVERSION = YES;
				GCC_WARN_ABOUT_RETURN_TYPE = YES_ERROR;
				GCC_WARN_UNDECLARED_SELECTOR = YES;
				GCC_WARN_UNINITIALIZED_AUTOS = YES_AGGRESSIVE;
				GCC_WARN_UNUSED_FUNCTION = YES;
				GCC_WARN_UNUSED_VARIABLE = YES;
				IPHONEOS_DEPLOYMENT_TARGET = 8.0;
				MTL_ENABLE_DEBUG_INFO = YES;
				ONLY_ACTIVE_ARCH = YES;
				SDKROOT = iphoneos;
				SWIFT_OPTIMIZATION_LEVEL = "-Onone";
				TARGETED_DEVICE_FAMILY = "1,2";
			};
			name = Debug;
		};
		FAAF4F711984D4240001BFE1 /* Release */ = {
			isa = XCBuildConfiguration;
			buildSettings = {
				ALWAYS_SEARCH_USER_PATHS = NO;
				CLANG_CXX_LANGUAGE_STANDARD = "gnu++0x";
				CLANG_CXX_LIBRARY = "libc++";
				CLANG_ENABLE_MODULES = YES;
				CLANG_ENABLE_OBJC_ARC = YES;
				CLANG_WARN_BOOL_CONVERSION = YES;
				CLANG_WARN_CONSTANT_CONVERSION = YES;
				CLANG_WARN_DIRECT_OBJC_ISA_USAGE = YES_ERROR;
				CLANG_WARN_EMPTY_BODY = YES;
				CLANG_WARN_ENUM_CONVERSION = YES;
				CLANG_WARN_INT_CONVERSION = YES;
				CLANG_WARN_OBJC_ROOT_CLASS = YES_ERROR;
				CLANG_WARN_UNREACHABLE_CODE = YES;
				CLANG_WARN__DUPLICATE_METHOD_MATCH = YES;
				"CODE_SIGN_IDENTITY[sdk=iphoneos*]" = "iPhone Developer";
				COPY_PHASE_STRIP = YES;
				ENABLE_NS_ASSERTIONS = NO;
				ENABLE_STRICT_OBJC_MSGSEND = YES;
				GCC_C_LANGUAGE_STANDARD = gnu99;
				GCC_WARN_64_TO_32_BIT_CONVERSION = YES;
				GCC_WARN_ABOUT_RETURN_TYPE = YES_ERROR;
				GCC_WARN_UNDECLARED_SELECTOR = YES;
				GCC_WARN_UNINITIALIZED_AUTOS = YES_AGGRESSIVE;
				GCC_WARN_UNUSED_FUNCTION = YES;
				GCC_WARN_UNUSED_VARIABLE = YES;
				IPHONEOS_DEPLOYMENT_TARGET = 8.0;
				MTL_ENABLE_DEBUG_INFO = NO;
				SDKROOT = iphoneos;
				TARGETED_DEVICE_FAMILY = "1,2";
				VALIDATE_PRODUCT = YES;
			};
			name = Release;
		};
		FAAF4F731984D4240001BFE1 /* Debug */ = {
			isa = XCBuildConfiguration;
			buildSettings = {
				ASSETCATALOG_COMPILER_APPICON_NAME = AppIcon;
				ASSETCATALOG_COMPILER_LAUNCHIMAGE_NAME = LaunchImage;
				INFOPLIST_FILE = "Class Roster 3/Info.plist";
				LD_RUNPATH_SEARCH_PATHS = "$(inherited) @executable_path/Frameworks";
				PRODUCT_NAME = "$(TARGET_NAME)";
			};
			name = Debug;
		};
		FAAF4F741984D4240001BFE1 /* Release */ = {
			isa = XCBuildConfiguration;
			buildSettings = {
				ASSETCATALOG_COMPILER_APPICON_NAME = AppIcon;
				ASSETCATALOG_COMPILER_LAUNCHIMAGE_NAME = LaunchImage;
				INFOPLIST_FILE = "Class Roster 3/Info.plist";
				LD_RUNPATH_SEARCH_PATHS = "$(inherited) @executable_path/Frameworks";
				PRODUCT_NAME = "$(TARGET_NAME)";
			};
			name = Release;
		};
		FAAF4F761984D4240001BFE1 /* Debug */ = {
			isa = XCBuildConfiguration;
			buildSettings = {
				BUNDLE_LOADER = "$(BUILT_PRODUCTS_DIR)/Class Roster 3.app/Class Roster 3";
				FRAMEWORK_SEARCH_PATHS = (
					"$(SDKROOT)/Developer/Library/Frameworks",
					"$(inherited)",
				);
				GCC_PREPROCESSOR_DEFINITIONS = (
					"DEBUG=1",
					"$(inherited)",
				);
				INFOPLIST_FILE = "Class Roster 3Tests/Info.plist";
				LD_RUNPATH_SEARCH_PATHS = "$(inherited) @executable_path/Frameworks @loader_path/Frameworks";
				PRODUCT_NAME = "$(TARGET_NAME)";
				TEST_HOST = "$(BUNDLE_LOADER)";
			};
			name = Debug;
		};
		FAAF4F771984D4240001BFE1 /* Release */ = {
			isa = XCBuildConfiguration;
			buildSettings = {
				BUNDLE_LOADER = "$(BUILT_PRODUCTS_DIR)/Class Roster 3.app/Class Roster 3";
				FRAMEWORK_SEARCH_PATHS = (
					"$(SDKROOT)/Developer/Library/Frameworks",
					"$(inherited)",
				);
				INFOPLIST_FILE = "Class Roster 3Tests/Info.plist";
				LD_RUNPATH_SEARCH_PATHS = "$(inherited) @executable_path/Frameworks @loader_path/Frameworks";
				PRODUCT_NAME = "$(TARGET_NAME)";
				TEST_HOST = "$(BUNDLE_LOADER)";
			};
			name = Release;
		};
/* End XCBuildConfiguration section */

/* Begin XCConfigurationList section */
		FAAF4F511984D4240001BFE1 /* Build configuration list for PBXProject "Class Roster 3" */ = {
			isa = XCConfigurationList;
			buildConfigurations = (
				FAAF4F701984D4240001BFE1 /* Debug */,
				FAAF4F711984D4240001BFE1 /* Release */,
			);
			defaultConfigurationIsVisible = 0;
			defaultConfigurationName = Release;
		};
		FAAF4F721984D4240001BFE1 /* Build configuration list for PBXNativeTarget "Class Roster 3" */ = {
			isa = XCConfigurationList;
			buildConfigurations = (
				FAAF4F731984D4240001BFE1 /* Debug */,
				FAAF4F741984D4240001BFE1 /* Release */,
			);
			defaultConfigurationIsVisible = 0;
		};
		FAAF4F751984D4240001BFE1 /* Build configuration list for PBXNativeTarget "Class Roster 3Tests" */ = {
			isa = XCConfigurationList;
			buildConfigurations = (
				FAAF4F761984D4240001BFE1 /* Debug */,
				FAAF4F771984D4240001BFE1 /* Release */,
			);
			defaultConfigurationIsVisible = 0;
		};
/* End XCConfigurationList section */
	};
	rootObject = FAAF4F4E1984D4240001BFE1 /* Project object */;
}
